
Microsoft Visual Studio Solution File, Format Version 12.00
# Visual Studio Version 16
VisualStudioVersion = 16.0.29926.136
MinimumVisualStudioVersion = 10.0.40219.1
Project("{FAE04EC0-301F-11D3-BF4B-00C04F79EFBC}") = "Aula18_SaidaDeDados", "Aula18_SaidaDeDados\Aula18_SaidaDeDados.csproj", "{F21E0571-FD21-4E47-B735-3BBD9732B8F3}"
EndProject
Global
	GlobalSection(SolutionConfigurationPlatforms) = preSolution
		Debug|Any CPU = Debug|Any CPU
		Release|Any CPU = Release|Any CPU
	EndGlobalSection
	GlobalSection(ProjectConfigurationPlatforms) = postSolution
		{F21E0571-FD21-4E47-B735-3BBD9732B8F3}.Debug|Any CPU.ActiveCfg = Debug|Any CPU
		{F21E0571-FD21-4E47-B735-3BBD9732B8F3}.Debug|Any CPU.Build.0 = Debug|Any CPU
		{F21E0571-FD21-4E47-B735-3BBD9732B8F3}.Release|Any CPU.ActiveCfg = Release|Any CPU
		{F21E0571-FD21-4E47-B735-3BBD9732B8F3}.Release|Any CPU.Build.0 = Release|Any CPU
	EndGlobalSection
	GlobalSection(SolutionProperties) = preSolution
		HideSolutionNode = FALSE
	EndGlobalSection
	GlobalSection(ExtensibilityGlobals) = postSolution
		SolutionGuid = {CED3E845-6CF4-4326-B14B-C59A0926FAE7}
	EndGlobalSection
EndGlobal
